
Microsoft Visual Studio Solution File, Format Version 12.00
# Visual Studio Version 17
VisualStudioVersion = 17.14.36623.8 d17.14
MinimumVisualStudioVersion = 10.0.40219.1
Project("{FAE04EC0-301F-11D3-BF4B-00C04F79EFBC}") = "WebApplication1", "WebApplication1\WebApplication1.csproj", "{C923420C-28AD-4EF1-AC73-516E98F87FD5}"
EndProject
Project("{FAE04EC0-301F-11D3-BF4B-00C04F79EFBC}") = "EmployeeClient", "EmployeeClient\EmployeeClient.csproj", "{3557003C-A273-45D4-86DA-817861C02DF8}"
EndProject
Global
	GlobalSection(SolutionConfigurationPlatforms) = preSolution
		Debug|Any CPU = Debug|Any CPU
		Release|Any CPU = Release|Any CPU
	EndGlobalSection
	GlobalSection(ProjectConfigurationPlatforms) = postSolution
		{C923420C-28AD-4EF1-AC73-516E98F87FD5}.Debug|Any CPU.ActiveCfg = Debug|Any CPU
		{C923420C-28AD-4EF1-AC73-516E98F87FD5}.Debug|Any CPU.Build.0 = Debug|Any CPU
		{C923420C-28AD-4EF1-AC73-516E98F87FD5}.Release|Any CPU.ActiveCfg = Release|Any CPU
		{C923420C-28AD-4EF1-AC73-516E98F87FD5}.Release|Any CPU.Build.0 = Release|Any CPU
		{3557003C-A273-45D4-86DA-817861C02DF8}.Debug|Any CPU.ActiveCfg = Debug|Any CPU
		{3557003C-A273-45D4-86DA-817861C02DF8}.Debug|Any CPU.Build.0 = Debug|Any CPU
		{3557003C-A273-45D4-86DA-817861C02DF8}.Release|Any CPU.ActiveCfg = Release|Any CPU
		{3557003C-A273-45D4-86DA-817861C02DF8}.Release|Any CPU.Build.0 = Release|Any CPU
	EndGlobalSection
	GlobalSection(SolutionProperties) = preSolution
		HideSolutionNode = FALSE
	EndGlobalSection
	GlobalSection(ExtensibilityGlobals) = postSolution
		SolutionGuid = {3AB3380A-DA9B-42E0-BB9A-EC85F1381DA6}
	EndGlobalSection
EndGlobal
